// !$*UTF8*$!
{
	archiveVersion = 1;
	classes = {
	};
	objectVersion = 56;
	objects = {

/* Begin PBXBuildFile section */
		D5D6DC8D2CEDEF5000035FD4 /* AppDelegate.swift in Sources */ = {isa = PBXBuildFile; fileRef = D5D6DC8C2CEDEF5000035FD4 /* AppDelegate.swift */; };
		D5D6DC8F2CEDEF5000035FD4 /* SceneDelegate.swift in Sources */ = {isa = PBXBuildFile; fileRef = D5D6DC8E2CEDEF5000035FD4 /* SceneDelegate.swift */; };
		D5D6DC912CEDEF5000035FD4 /* ViewController.swift in Sources */ = {isa = PBXBuildFile; fileRef = D5D6DC902CEDEF5000035FD4 /* ViewController.swift */; };
		D5D6DC942CEDEF5000035FD4 /* Base in Resources */ = {isa = PBXBuildFile; fileRef = D5D6DC932CEDEF5000035FD4 /* Base */; };
		D5D6DC962CEDEF5200035FD4 /* Assets.xcassets in Resources */ = {isa = PBXBuildFile; fileRef = D5D6DC952CEDEF5200035FD4 /* Assets.xcassets */; };
		D5D6DC992CEDEF5200035FD4 /* Base in Resources */ = {isa = PBXBuildFile; fileRef = D5D6DC982CEDEF5200035FD4 /* Base */; };
		D5D6DCA42CEDEF5200035FD4 /* ContainerViewUITests.swift in Sources */ = {isa = PBXBuildFile; fileRef = D5D6DCA32CEDEF5200035FD4 /* ContainerViewUITests.swift */; };
		D5D6DCAE2CEDEF5200035FD4 /* ContainerViewUIUITests.swift in Sources */ = {isa = PBXBuildFile; fileRef = D5D6DCAD2CEDEF5200035FD4 /* ContainerViewUIUITests.swift */; };
		D5D6DCB02CEDEF5200035FD4 /* ContainerViewUIUITestsLaunchTests.swift in Sources */ = {isa = PBXBuildFile; fileRef = D5D6DCAF2CEDEF5200035FD4 /* ContainerViewUIUITestsLaunchTests.swift */; };
		D5D6DCBD2CEDF17200035FD4 /* SecondViewController.swift in Sources */ = {isa = PBXBuildFile; fileRef = D5D6DCBC2CEDF17200035FD4 /* SecondViewController.swift */; };
		D5D6DCBF2CEDF19700035FD4 /* ThirdViewController.swift in Sources */ = {isa = PBXBuildFile; fileRef = D5D6DCBE2CEDF19700035FD4 /* ThirdViewController.swift */; };
/* End PBXBuildFile section */

/* Begin PBXContainerItemProxy section */
		D5D6DCA02CEDEF5200035FD4 /* PBXContainerItemProxy */ = {
			isa = PBXContainerItemProxy;
			containerPortal = D5D6DC812CEDEF5000035FD4 /* Project object */;
			proxyType = 1;
			remoteGlobalIDString = D5D6DC882CEDEF5000035FD4;
			remoteInfo = ContainerViewUI;
		};
		D5D6DCAA2CEDEF5200035FD4 /* PBXContainerItemProxy */ = {
			isa = PBXContainerItemProxy;
			containerPortal = D5D6DC812CEDEF5000035FD4 /* Project object */;
			proxyType = 1;
			remoteGlobalIDString = D5D6DC882CEDEF5000035FD4;
			remoteInfo = ContainerViewUI;
		};
/* End PBXContainerItemProxy section */

/* Begin PBXFileReference section */
		D5D6DC892CEDEF5000035FD4 /* ContainerViewUI.app */ = {isa = PBXFileReference; explicitFileType = wrapper.application; includeInIndex = 0; path = ContainerViewUI.app; sourceTree = BUILT_PRODUCTS_DIR; };
		D5D6DC8C2CEDEF5000035FD4 /* AppDelegate.swift */ = {isa = PBXFileReference; lastKnownFileType = sourcecode.swift; path = AppDelegate.swift; sourceTree = "<group>"; };
		D5D6DC8E2CEDEF5000035FD4 /* SceneDelegate.swift */ = {isa = PBXFileReference; lastKnownFileType = sourcecode.swift; path = SceneDelegate.swift; sourceTree = "<group>"; };
		D5D6DC902CEDEF5000035FD4 /* ViewController.swift */ = {isa = PBXFileReference; lastKnownFileType = sourcecode.swift; path = ViewController.swift; sourceTree = "<group>"; };
		D5D6DC932CEDEF5000035FD4 /* Base */ = {isa = PBXFileReference; lastKnownFileType = file.storyboard; name = Base; path = Base.lproj/Main.storyboard; sourceTree = "<group>"; };
		D5D6DC952CEDEF5200035FD4 /* Assets.xcassets */ = {isa = PBXFileReference; lastKnownFileType = folder.assetcatalog; path = Assets.xcassets; sourceTree = "<group>"; };
		D5D6DC982CEDEF5200035FD4 /* Base */ = {isa = PBXFileReference; lastKnownFileType = file.storyboard; name = Base; path = Base.lproj/LaunchScreen.storyboard; sourceTree = "<group>"; };
		D5D6DC9A2CEDEF5200035FD4 /* Info.plist */ = {isa = PBXFileReference; lastKnownFileType = text.plist.xml; path = Info.plist; sourceTree = "<group>"; };
		D5D6DC9F2CEDEF5200035FD4 /* ContainerViewUITests.xctest */ = {isa = PBXFileReference; explicitFileType = wrapper.cfbundle; includeInIndex = 0; path = ContainerViewUITests.xctest; sourceTree = BUILT_PRODUCTS_DIR; };
		D5D6DCA32CEDEF5200035FD4 /* ContainerViewUITests.swift */ = {isa = PBXFileReference; lastKnownFileType = sourcecode.swift; path = ContainerViewUITests.swift; sourceTree = "<group>"; };
		D5D6DCA92CEDEF5200035FD4 /* ContainerViewUIUITests.xctest */ = {isa = PBXFileReference; explicitFileType = wrapper.cfbundle; includeInIndex = 0; path = ContainerViewUIUITests.xctest; sourceTree = BUILT_PRODUCTS_DIR; };
		D5D6DCAD2CEDEF5200035FD4 /* ContainerViewUIUITests.swift */ = {isa = PBXFileReference; lastKnownFileType = sourcecode.swift; path = ContainerViewUIUITests.swift; sourceTree = "<group>"; };
		D5D6DCAF2CEDEF5200035FD4 /* ContainerViewUIUITestsLaunchTests.swift */ = {isa = PBXFileReference; lastKnownFileType = sourcecode.swift; path = ContainerViewUIUITestsLaunchTests.swift; sourceTree = "<group>"; };
		D5D6DCBC2CEDF17200035FD4 /* SecondViewController.swift */ = {isa = PBXFileReference; lastKnownFileType = sourcecode.swift; path = SecondViewController.swift; sourceTree = "<group>"; };
		D5D6DCBE2CEDF19700035FD4 /* ThirdViewController.swift */ = {isa = PBXFileReference; lastKnownFileType = sourcecode.swift; path = ThirdViewController.swift; sourceTree = "<group>"; };
/* End PBXFileReference section */

/* Begin PBXFrameworksBuildPhase section */
		D5D6DC862CEDEF5000035FD4 /* Frameworks */ = {
			isa = PBXFrameworksBuildPhase;
			buildActionMask = 2147483647;
			files = (
			);
			runOnlyForDeploymentPostprocessing = 0;
		};
		D5D6DC9C2CEDEF5200035FD4 /* Frameworks */ = {
			isa = PBXFrameworksBuildPhase;
			buildActionMask = 2147483647;
			files = (
			);
			runOnlyForDeploymentPostprocessing = 0;
		};
		D5D6DCA62CEDEF5200035FD4 /* Frameworks */ = {
			isa = PBXFrameworksBuildPhase;
			buildActionMask = 2147483647;
			files = (
			);
			runOnlyForDeploymentPostprocessing = 0;
		};
/* End PBXFrameworksBuildPhase section */

/* Begin PBXGroup section */
		D5D6DC802CEDEF5000035FD4 = {
			isa = PBXGroup;
			children = (
				D5D6DC8B2CEDEF5000035FD4 /* ContainerViewUI */,
				D5D6DCA22CEDEF5200035FD4 /* ContainerViewUITests */,
				D5D6DCAC2CEDEF5200035FD4 /* ContainerViewUIUITests */,
				D5D6DC8A2CEDEF5000035FD4 /* Products */,
			);
			sourceTree = "<group>";
		};
		D5D6DC8A2CEDEF5000035FD4 /* Products */ = {
			isa = PBXGroup;
			children = (
				D5D6DC892CEDEF5000035FD4 /* ContainerViewUI.app */,
				D5D6DC9F2CEDEF5200035FD4 /* ContainerViewUITests.xctest */,
				D5D6DCA92CEDEF5200035FD4 /* ContainerViewUIUITests.xctest */,
			);
			name = Products;
			sourceTree = "<group>";
		};
		D5D6DC8B2CEDEF5000035FD4 /* ContainerViewUI */ = {
			isa = PBXGroup;
			children = (
				D5D6DC8C2CEDEF5000035FD4 /* AppDelegate.swift */,
				D5D6DC8E2CEDEF5000035FD4 /* SceneDelegate.swift */,
				D5D6DC902CEDEF5000035FD4 /* ViewController.swift */,
				D5D6DC922CEDEF5000035FD4 /* Main.storyboard */,
				D5D6DC952CEDEF5200035FD4 /* Assets.xcassets */,
				D5D6DC972CEDEF5200035FD4 /* LaunchScreen.storyboard */,
				D5D6DC9A2CEDEF5200035FD4 /* Info.plist */,
				D5D6DCBC2CEDF17200035FD4 /* SecondViewController.swift */,
				D5D6DCBE2CEDF19700035FD4 /* ThirdViewController.swift */,
			);
			path = ContainerViewUI;
			sourceTree = "<group>";
		};
		D5D6DCA22CEDEF5200035FD4 /* ContainerViewUITests */ = {
			isa = PBXGroup;
			children = (
				D5D6DCA32CEDEF5200035FD4 /* ContainerViewUITests.swift */,
			);
			path = ContainerViewUITests;
			sourceTree = "<group>";
		};
		D5D6DCAC2CEDEF5200035FD4 /* ContainerViewUIUITests */ = {
			isa = PBXGroup;
			children = (
				D5D6DCAD2CEDEF5200035FD4 /* ContainerViewUIUITests.swift */,
				D5D6DCAF2CEDEF5200035FD4 /* ContainerViewUIUITestsLaunchTests.swift */,
			);
			path = ContainerViewUIUITests;
			sourceTree = "<group>";
		};
/* End PBXGroup section */

/* Begin PBXNativeTarget section */
		D5D6DC882CEDEF5000035FD4 /* ContainerViewUI */ = {
			isa = PBXNativeTarget;
			buildConfigurationList = D5D6DCB32CEDEF5200035FD4 /* Build configuration list for PBXNativeTarget "ContainerViewUI" */;
			buildPhases = (
				D5D6DC852CEDEF5000035FD4 /* Sources */,
				D5D6DC862CEDEF5000035FD4 /* Frameworks */,
				D5D6DC872CEDEF5000035FD4 /* Resources */,
			);
			buildRules = (
			);
			dependencies = (
			);
			name = ContainerViewUI;
			productName = ContainerViewUI;
			productReference = D5D6DC892CEDEF5000035FD4 /* ContainerViewUI.app */;
			productType = "com.apple.product-type.application";
		};
		D5D6DC9E2CEDEF5200035FD4 /* ContainerViewUITests */ = {
			isa = PBXNativeTarget;
			buildConfigurationList = D5D6DCB62CEDEF5200035FD4 /* Build configuration list for PBXNativeTarget "ContainerViewUITests" */;
			buildPhases = (
				D5D6DC9B2CEDEF5200035FD4 /* Sources */,
				D5D6DC9C2CEDEF5200035FD4 /* Frameworks */,
				D5D6DC9D2CEDEF5200035FD4 /* Resources */,
			);
			buildRules = (
			);
			dependencies = (
				D5D6DCA12CEDEF5200035FD4 /* PBXTargetDependency */,
			);
			name = ContainerViewUITests;
			productName = ContainerViewUITests;
			productReference = D5D6DC9F2CEDEF5200035FD4 /* ContainerViewUITests.xctest */;
			productType = "com.apple.product-type.bundle.unit-test";
		};
		D5D6DCA82CEDEF5200035FD4 /* ContainerViewUIUITests */ = {
			isa = PBXNativeTarget;
			buildConfigurationList = D5D6DCB92CEDEF5200035FD4 /* Build configuration list for PBXNativeTarget "ContainerViewUIUITests" */;
			buildPhases = (
				D5D6DCA52CEDEF5200035FD4 /* Sources */,
				D5D6DCA62CEDEF5200035FD4 /* Frameworks */,
				D5D6DCA72CEDEF5200035FD4 /* Resources */,
			);
			buildRules = (
			);
			dependencies = (
				D5D6DCAB2CEDEF5200035FD4 /* PBXTargetDependency */,
			);
			name = ContainerViewUIUITests;
			productName = ContainerViewUIUITests;
			productReference = D5D6DCA92CEDEF5200035FD4 /* ContainerViewUIUITests.xctest */;
			productType = "com.apple.product-type.bundle.ui-testing";
		};
/* End PBXNativeTarget section */

/* Begin PBXProject section */
		D5D6DC812CEDEF5000035FD4 /* Project object */ = {
			isa = PBXProject;
			attributes = {
				BuildIndependentTargetsInParallel = 1;
				LastSwiftUpdateCheck = 1540;
				LastUpgradeCheck = 1540;
				TargetAttributes = {
					D5D6DC882CEDEF5000035FD4 = {
						CreatedOnToolsVersion = 15.4;
					};
					D5D6DC9E2CEDEF5200035FD4 = {
						CreatedOnToolsVersion = 15.4;
						TestTargetID = D5D6DC882CEDEF5000035FD4;
					};
					D5D6DCA82CEDEF5200035FD4 = {
						CreatedOnToolsVersion = 15.4;
						TestTargetID = D5D6DC882CEDEF5000035FD4;
					};
				};
			};
			buildConfigurationList = D5D6DC842CEDEF5000035FD4 /* Build configuration list for PBXProject "ContainerViewUI" */;
			compatibilityVersion = "Xcode 14.0";
			developmentRegion = en;
			hasScannedForEncodings = 0;
			knownRegions = (
				en,
				Base,
			);
			mainGroup = D5D6DC802CEDEF5000035FD4;
			productRefGroup = D5D6DC8A2CEDEF5000035FD4 /* Products */;
			projectDirPath = "";
			projectRoot = "";
			targets = (
				D5D6DC882CEDEF5000035FD4 /* ContainerViewUI */,
				D5D6DC9E2CEDEF5200035FD4 /* ContainerViewUITests */,
				D5D6DCA82CEDEF5200035FD4 /* ContainerViewUIUITests */,
			);
		};
/* End PBXProject section */

/* Begin PBXResourcesBuildPhase section */
		D5D6DC872CEDEF5000035FD4 /* Resources */ = {
			isa = PBXResourcesBuildPhase;
			buildActionMask = 2147483647;
			files = (
				D5D6DC962CEDEF5200035FD4 /* Assets.xcassets in Resources */,
				D5D6DC992CEDEF5200035FD4 /* Base in Resources */,
				D5D6DC942CEDEF5000035FD4 /* Base in Resources */,
			);
			runOnlyForDeploymentPostprocessing = 0;
		};
		D5D6DC9D2CEDEF5200035FD4 /* Resources */ = {
			isa = PBXResourcesBuildPhase;
			buildActionMask = 2147483647;
			files = (
			);
			runOnlyForDeploymentPostprocessing = 0;
		};
		D5D6DCA72CEDEF5200035FD4 /* Resources */ = {
			isa = PBXResourcesBuildPhase;
			buildActionMask = 2147483647;
			files = (
			);
			runOnlyForDeploymentPostprocessing = 0;
		};
/* End PBXResourcesBuildPhase section */

/* Begin PBXSourcesBuildPhase section */
		D5D6DC852CEDEF5000035FD4 /* Sources */ = {
			isa = PBXSourcesBuildPhase;
			buildActionMask = 2147483647;
			files = (
				D5D6DCBD2CEDF17200035FD4 /* SecondViewController.swift in Sources */,
				D5D6DC912CEDEF5000035FD4 /* ViewController.swift in Sources */,
				D5D6DCBF2CEDF19700035FD4 /* ThirdViewController.swift in Sources */,
				D5D6DC8D2CEDEF5000035FD4 /* AppDelegate.swift in Sources */,
				D5D6DC8F2CEDEF5000035FD4 /* SceneDelegate.swift in Sources */,
			);
			runOnlyForDeploymentPostprocessing = 0;
		};
		D5D6DC9B2CEDEF5200035FD4 /* Sources */ = {
			isa = PBXSourcesBuildPhase;
			buildActionMask = 2147483647;
			files = (
				D5D6DCA42CEDEF5200035FD4 /* ContainerViewUITests.swift in Sources */,
			);
			runOnlyForDeploymentPostprocessing = 0;
		};
		D5D6DCA52CEDEF5200035FD4 /* Sources */ = {
			isa = PBXSourcesBuildPhase;
			buildActionMask = 2147483647;
			files = (
				D5D6DCAE2CEDEF5200035FD4 /* ContainerViewUIUITests.swift in Sources */,
				D5D6DCB02CEDEF5200035FD4 /* ContainerViewUIUITestsLaunchTests.swift in Sources */,
			);
			runOnlyForDeploymentPostprocessing = 0;
		};
/* End PBXSourcesBuildPhase section */

/* Begin PBXTargetDependency section */
		D5D6DCA12CEDEF5200035FD4 /* PBXTargetDependency */ = {
			isa = PBXTargetDependency;
			target = D5D6DC882CEDEF5000035FD4 /* ContainerViewUI */;
			targetProxy = D5D6DCA02CEDEF5200035FD4 /* PBXContainerItemProxy */;
		};
		D5D6DCAB2CEDEF5200035FD4 /* PBXTargetDependency */ = {
			isa = PBXTargetDependency;
			target = D5D6DC882CEDEF5000035FD4 /* ContainerViewUI */;
			targetProxy = D5D6DCAA2CEDEF5200035FD4 /* PBXContainerItemProxy */;
		};
/* End PBXTargetDependency section */

/* Begin PBXVariantGroup section */
		D5D6DC922CEDEF5000035FD4 /* Main.storyboard */ = {
			isa = PBXVariantGroup;
			children = (
				D5D6DC932CEDEF5000035FD4 /* Base */,
			);
			name = Main.storyboard;
			sourceTree = "<group>";
		};
		D5D6DC972CEDEF5200035FD4 /* LaunchScreen.storyboard */ = {
			isa = PBXVariantGroup;
			children = (
				D5D6DC982CEDEF5200035FD4 /* Base */,
			);
			name = LaunchScreen.storyboard;
			sourceTree = "<group>";
		};
/* End PBXVariantGroup section */

/* Begin XCBuildConfiguration section */
		D5D6DCB12CEDEF5200035FD4 /* Debug */ = {
			isa = XCBuildConfiguration;
			buildSettings = {
				ALWAYS_SEARCH_USER_PATHS = NO;
				ASSETCATALOG_COMPILER_GENERATE_SWIFT_ASSET_SYMBOL_EXTENSIONS = YES;
				CLANG_ANALYZER_NONNULL = YES;
				CLANG_ANALYZER_NUMBER_OBJECT_CONVERSION = YES_AGGRESSIVE;
				CLANG_CXX_LANGUAGE_STANDARD = "gnu++20";
				CLANG_ENABLE_MODULES = YES;
				CLANG_ENABLE_OBJC_ARC = YES;
				CLANG_ENABLE_OBJC_WEAK = YES;
				CLANG_WARN_BLOCK_CAPTURE_AUTORELEASING = YES;
				CLANG_WARN_BOOL_CONVERSION = YES;
				CLANG_WARN_COMMA = YES;
				CLANG_WARN_CONSTANT_CONVERSION = YES;
				CLANG_WARN_DEPRECATED_OBJC_IMPLEMENTATIONS = YES;
				CLANG_WARN_DIRECT_OBJC_ISA_USAGE = YES_ERROR;
				CLANG_WARN_DOCUMENTATION_COMMENTS = YES;
				CLANG_WARN_EMPTY_BODY = YES;
				CLANG_WARN_ENUM_CONVERSION = YES;
				CLANG_WARN_INFINITE_RECURSION = YES;
				CLANG_WARN_INT_CONVERSION = YES;
				CLANG_WARN_NON_LITERAL_NULL_CONVERSION = YES;
				CLANG_WARN_OBJC_IMPLICIT_RETAIN_SELF = YES;
				CLANG_WARN_OBJC_LITERAL_CONVERSION = YES;
				CLANG_WARN_OBJC_ROOT_CLASS = YES_ERROR;
				CLANG_WARN_QUOTED_INCLUDE_IN_FRAMEWORK_HEADER = YES;
				CLANG_WARN_RANGE_LOOP_ANALYSIS = YES;
				CLANG_WARN_STRICT_PROTOTYPES = YES;
				CLANG_WARN_SUSPICIOUS_MOVE = YES;
				CLANG_WARN_UNGUARDED_AVAILABILITY = YES_AGGRESSIVE;
				CLANG_WARN_UNREACHABLE_CODE = YES;
				CLANG_WARN__DUPLICATE_METHOD_MATCH = YES;
				COPY_PHASE_STRIP = NO;
				DEBUG_INFORMATION_FORMAT = dwarf;
				ENABLE_STRICT_OBJC_MSGSEND = YES;
				ENABLE_TESTABILITY = YES;
				ENABLE_USER_SCRIPT_SANDBOXING = YES;
				GCC_C_LANGUAGE_STANDARD = gnu17;
				GCC_DYNAMIC_NO_PIC = NO;
				GCC_NO_COMMON_BLOCKS = YES;
				GCC_OPTIMIZATION_LEVEL = 0;
				GCC_PREPROCESSOR_DEFINITIONS = (
					"DEBUG=1",
					"$(inherited)",
				);
				GCC_WARN_64_TO_32_BIT_CONVERSION = YES;
				GCC_WARN_ABOUT_RETURN_TYPE = YES_ERROR;
				GCC_WARN_UNDECLARED_SELECTOR = YES;
				GCC_WARN_UNINITIALIZED_AUTOS = YES_AGGRESSIVE;
				GCC_WARN_UNUSED_FUNCTION = YES;
				GCC_WARN_UNUSED_VARIABLE = YES;
				IPHONEOS_DEPLOYMENT_TARGET = 17.5;
				LOCALIZATION_PREFERS_STRING_CATALOGS = YES;
				MTL_ENABLE_DEBUG_INFO = INCLUDE_SOURCE;
				MTL_FAST_MATH = YES;
				ONLY_ACTIVE_ARCH = YES;
				SDKROOT = iphoneos;
				SWIFT_ACTIVE_COMPILATION_CONDITIONS = "DEBUG $(inherited)";
				SWIFT_OPTIMIZATION_LEVEL = "-Onone";
			};
			name = Debug;
		};
		D5D6DCB22CEDEF5200035FD4 /* Release */ = {
			isa = XCBuildConfiguration;
			buildSettings = {
				ALWAYS_SEARCH_USER_PATHS = NO;
				ASSETCATALOG_COMPILER_GENERATE_SWIFT_ASSET_SYMBOL_EXTENSIONS = YES;
				CLANG_ANALYZER_NONNULL = YES;
				CLANG_ANALYZER_NUMBER_OBJECT_CONVERSION = YES_AGGRESSIVE;
				CLANG_CXX_LANGUAGE_STANDARD = "gnu++20";
				CLANG_ENABLE_MODULES = YES;
				CLANG_ENABLE_OBJC_ARC = YES;
				CLANG_ENABLE_OBJC_WEAK = YES;
				CLANG_WARN_BLOCK_CAPTURE_AUTORELEASING = YES;
				CLANG_WARN_BOOL_CONVERSION = YES;
				CLANG_WARN_COMMA = YES;
				CLANG_WARN_CONSTANT_CONVERSION = YES;
				CLANG_WARN_DEPRECATED_OBJC_IMPLEMENTATIONS = YES;
				CLANG_WARN_DIRECT_OBJC_ISA_USAGE = YES_ERROR;
				CLANG_WARN_DOCUMENTATION_COMMENTS = YES;
				CLANG_WARN_EMPTY_BODY = YES;
				CLANG_WARN_ENUM_CONVERSION = YES;
				CLANG_WARN_INFINITE_RECURSION = YES;
				CLANG_WARN_INT_CONVERSION = YES;
				CLANG_WARN_NON_LITERAL_NULL_CONVERSION = YES;
				CLANG_WARN_OBJC_IMPLICIT_RETAIN_SELF = YES;
				CLANG_WARN_OBJC_LITERAL_CONVERSION = YES;
				CLANG_WARN_OBJC_ROOT_CLASS = YES_ERROR;
				CLANG_WARN_QUOTED_INCLUDE_IN_FRAMEWORK_HEADER = YES;
				CLANG_WARN_RANGE_LOOP_ANALYSIS = YES;
				CLANG_WARN_STRICT_PROTOTYPES = YES;
				CLANG_WARN_SUSPICIOUS_MOVE = YES;
				CLANG_WARN_UNGUARDED_AVAILABILITY = YES_AGGRESSIVE;
				CLANG_WARN_UNREACHABLE_CODE = YES;
				CLANG_WARN__DUPLICATE_METHOD_MATCH = YES;
				COPY_PHASE_STRIP = NO;
				DEBUG_INFORMATION_FORMAT = "dwarf-with-dsym";
				ENABLE_NS_ASSERTIONS = NO;
				ENABLE_STRICT_OBJC_MSGSEND = YES;
				ENABLE_USER_SCRIPT_SANDBOXING = YES;
				GCC_C_LANGUAGE_STANDARD = gnu17;
				GCC_NO_COMMON_BLOCKS = YES;
				GCC_WARN_64_TO_32_BIT_CONVERSION = YES;
				GCC_WARN_ABOUT_RETURN_TYPE = YES_ERROR;
				GCC_WARN_UNDECLARED_SELECTOR = YES;
				GCC_WARN_UNINITIALIZED_AUTOS = YES_AGGRESSIVE;
				GCC_WARN_UNUSED_FUNCTION = YES;
				GCC_WARN_UNUSED_VARIABLE = YES;
				IPHONEOS_DEPLOYMENT_TARGET = 17.5;
				LOCALIZATION_PREFERS_STRING_CATALOGS = YES;
				MTL_ENABLE_DEBUG_INFO = NO;
				MTL_FAST_MATH = YES;
				SDKROOT = iphoneos;
				SWIFT_COMPILATION_MODE = wholemodule;
				VALIDATE_PRODUCT = YES;
			};
			name = Release;
		};
		D5D6DCB42CEDEF5200035FD4 /* Debug */ = {
			isa = XCBuildConfiguration;
			buildSettings = {
				ASSETCATALOG_COMPILER_APPICON_NAME = AppIcon;
				ASSETCATALOG_COMPILER_GLOBAL_ACCENT_COLOR_NAME = AccentColor;
				CODE_SIGN_STYLE = Automatic;
				CURRENT_PROJECT_VERSION = 1;
				GENERATE_INFOPLIST_FILE = YES;
				INFOPLIST_FILE = ContainerViewUI/Info.plist;
				INFOPLIST_KEY_UIApplicationSupportsIndirectInputEvents = YES;
				INFOPLIST_KEY_UILaunchStoryboardName = LaunchScreen;
				INFOPLIST_KEY_UIMainStoryboardFile = Main;
				INFOPLIST_KEY_UISupportedInterfaceOrientations_iPad = "UIInterfaceOrientationPortrait UIInterfaceOrientationPortraitUpsideDown UIInterfaceOrientationLandscapeLeft UIInterfaceOrientationLandscapeRight";
				INFOPLIST_KEY_UISupportedInterfaceOrientations_iPhone = "UIInterfaceOrientationPortrait UIInterfaceOrientationLandscapeLeft UIInterfaceOrientationLandscapeRight";
				LD_RUNPATH_SEARCH_PATHS = (
					"$(inherited)",
					"@executable_path/Frameworks",
				);
				MARKETING_VERSION = 1.0;
				PRODUCT_BUNDLE_IDENTIFIER = manasi.ContainerViewUI;
				PRODUCT_NAME = "$(TARGET_NAME)";
				SWIFT_EMIT_LOC_STRINGS = YES;
				SWIFT_VERSION = 5.0;
				TARGETED_DEVICE_FAMILY = "1,2";
			};
			name = Debug;
		};
		D5D6DCB52CEDEF5200035FD4 /* Release */ = {
			isa = XCBuildConfiguration;
			buildSettings = {
				ASSETCATALOG_COMPILER_APPICON_NAME = AppIcon;
				ASSETCATALOG_COMPILER_GLOBAL_ACCENT_COLOR_NAME = AccentColor;
				CODE_SIGN_STYLE = Automatic;
				CURRENT_PROJECT_VERSION = 1;
				GENERATE_INFOPLIST_FILE = YES;
				INFOPLIST_FILE = ContainerViewUI/Info.plist;
				INFOPLIST_KEY_UIApplicationSupportsIndirectInputEvents = YES;
				INFOPLIST_KEY_UILaunchStoryboardName = LaunchScreen;
				INFOPLIST_KEY_UIMainStoryboardFile = Main;
				INFOPLIST_KEY_UISupportedInterfaceOrientations_iPad = "UIInterfaceOrientationPortrait UIInterfaceOrientationPortraitUpsideDown UIInterfaceOrientationLandscapeLeft UIInterfaceOrientationLandscapeRight";
				INFOPLIST_KEY_UISupportedInterfaceOrientations_iPhone = "UIInterfaceOrientationPortrait UIInterfaceOrientationLandscapeLeft UIInterfaceOrientationLandscapeRight";
				LD_RUNPATH_SEARCH_PATHS = (
					"$(inherited)",
					"@executable_path/Frameworks",
				);
				MARKETING_VERSION = 1.0;
				PRODUCT_BUNDLE_IDENTIFIER = manasi.ContainerViewUI;
				PRODUCT_NAME = "$(TARGET_NAME)";
				SWIFT_EMIT_LOC_STRINGS = YES;
				SWIFT_VERSION = 5.0;
				TARGETED_DEVICE_FAMILY = "1,2";
			};
			name = Release;
		};
		D5D6DCB72CEDEF5200035FD4 /* Debug */ = {
			isa = XCBuildConfiguration;
			buildSettings = {
				ALWAYS_EMBED_SWIFT_STANDARD_LIBRARIES = YES;
				BUNDLE_LOADER = "$(TEST_HOST)";
				CODE_SIGN_STYLE = Automatic;
				CURRENT_PROJECT_VERSION = 1;
				GENERATE_INFOPLIST_FILE = YES;
				IPHONEOS_DEPLOYMENT_TARGET = 17.5;
				MARKETING_VERSION = 1.0;
				PRODUCT_BUNDLE_IDENTIFIER = manasi.ContainerViewUITests;
				PRODUCT_NAME = "$(TARGET_NAME)";
				SWIFT_EMIT_LOC_STRINGS = NO;
				SWIFT_VERSION = 5.0;
				TARGETED_DEVICE_FAMILY = "1,2";
				TEST_HOST = "$(BUILT_PRODUCTS_DIR)/ContainerViewUI.app/$(BUNDLE_EXECUTABLE_FOLDER_PATH)/ContainerViewUI";
			};
			name = Debug;
		};
		D5D6DCB82CEDEF5200035FD4 /* Release */ = {
			isa = XCBuildConfiguration;
			buildSettings = {
				ALWAYS_EMBED_SWIFT_STANDARD_LIBRARIES = YES;
				BUNDLE_LOADER = "$(TEST_HOST)";
				CODE_SIGN_STYLE = Automatic;
				CURRENT_PROJECT_VERSION = 1;
				GENERATE_INFOPLIST_FILE = YES;
				IPHONEOS_DEPLOYMENT_TARGET = 17.5;
				MARKETING_VERSION = 1.0;
				PRODUCT_BUNDLE_IDENTIFIER = manasi.ContainerViewUITests;
				PRODUCT_NAME = "$(TARGET_NAME)";
				SWIFT_EMIT_LOC_STRINGS = NO;
				SWIFT_VERSION = 5.0;
				TARGETED_DEVICE_FAMILY = "1,2";
				TEST_HOST = "$(BUILT_PRODUCTS_DIR)/ContainerViewUI.app/$(BUNDLE_EXECUTABLE_FOLDER_PATH)/ContainerViewUI";
			};
			name = Release;
		};
		D5D6DCBA2CEDEF5200035FD4 /* Debug */ = {
			isa = XCBuildConfiguration;
			buildSettings = {
				ALWAYS_EMBED_SWIFT_STANDARD_LIBRARIES = YES;
				CODE_SIGN_STYLE = Automatic;
				CURRENT_PROJECT_VERSION = 1;
				GENERATE_INFOPLIST_FILE = YES;
				MARKETING_VERSION = 1.0;
				PRODUCT_BUNDLE_IDENTIFIER = manasi.ContainerViewUIUITests;
				PRODUCT_NAME = "$(TARGET_NAME)";
				SWIFT_EMIT_LOC_STRINGS = NO;
				SWIFT_VERSION = 5.0;
				TARGETED_DEVICE_FAMILY = "1,2";
				TEST_TARGET_NAME = ContainerViewUI;
			};
			name = Debug;
		};
		D5D6DCBB2CEDEF5200035FD4 /* Release */ = {
			isa = XCBuildConfiguration;
			buildSettings = {
				ALWAYS_EMBED_SWIFT_STANDARD_LIBRARIES = YES;
				CODE_SIGN_STYLE = Automatic;
				CURRENT_PROJECT_VERSION = 1;
				GENERATE_INFOPLIST_FILE = YES;
				MARKETING_VERSION = 1.0;
				PRODUCT_BUNDLE_IDENTIFIER = manasi.ContainerViewUIUITests;
				PRODUCT_NAME = "$(TARGET_NAME)";
				SWIFT_EMIT_LOC_STRINGS = NO;
				SWIFT_VERSION = 5.0;
				TARGETED_DEVICE_FAMILY = "1,2";
				TEST_TARGET_NAME = ContainerViewUI;
			};
			name = Release;
		};
/* End XCBuildConfiguration section */

/* Begin XCConfigurationList section */
		D5D6DC842CEDEF5000035FD4 /* Build configuration list for PBXProject "ContainerViewUI" */ = {
			isa = XCConfigurationList;
			buildConfigurations = (
				D5D6DCB12CEDEF5200035FD4 /* Debug */,
				D5D6DCB22CEDEF5200035FD4 /* Release */,
			);
			defaultConfigurationIsVisible = 0;
			defaultConfigurationName = Release;
		};
		D5D6DCB32CEDEF5200035FD4 /* Build configuration list for PBXNativeTarget "ContainerViewUI" */ = {
			isa = XCConfigurationList;
			buildConfigurations = (
				D5D6DCB42CEDEF5200035FD4 /* Debug */,
				D5D6DCB52CEDEF5200035FD4 /* Release */,
			);
			defaultConfigurationIsVisible = 0;
			defaultConfigurationName = Release;
		};
		D5D6DCB62CEDEF5200035FD4 /* Build configuration list for PBXNativeTarget "ContainerViewUITests" */ = {
			isa = XCConfigurationList;
			buildConfigurations = (
				D5D6DCB72CEDEF5200035FD4 /* Debug */,
				D5D6DCB82CEDEF5200035FD4 /* Release */,
			);
			defaultConfigurationIsVisible = 0;
			defaultConfigurationName = Release;
		};
		D5D6DCB92CEDEF5200035FD4 /* Build configuration list for PBXNativeTarget "ContainerViewUIUITests" */ = {
			isa = XCConfigurationList;
			buildConfigurations = (
				D5D6DCBA2CEDEF5200035FD4 /* Debug */,
				D5D6DCBB2CEDEF5200035FD4 /* Release */,
			);
			defaultConfigurationIsVisible = 0;
			defaultConfigurationName = Release;
		};
/* End XCConfigurationList section */
	};
	rootObject = D5D6DC812CEDEF5000035FD4 /* Project object */;
}
